
Microsoft Visual Studio Solution File, Format Version 12.00
# Visual Studio Version 16
VisualStudioVersion = 16.0.31702.278
MinimumVisualStudioVersion = 10.0.40219.1
Project("{9A19103F-16F7-4668-BE54-9A1E7A4F7556}") = "passman-back", "passman-back\passman-back.csproj", "{47C26AA6-EC59-4619-A580-FA042E10A754}"
EndProject
Project("{9A19103F-16F7-4668-BE54-9A1E7A4F7556}") = "passman-back.Domain.Core", "passman-back.Domain.Core\passman-back.Domain.Core.csproj", "{858124D4-DF23-485C-AC15-892DA77F9D3C}"
EndProject
Project("{9A19103F-16F7-4668-BE54-9A1E7A4F7556}") = "passman-back.Business.Dtos", "passman-back.Business.Dtos\passman-back.Business.Dtos.csproj", "{2264948F-5A43-4147-A471-003833EDA6D0}"
EndProject
Project("{9A19103F-16F7-4668-BE54-9A1E7A4F7556}") = "passman-back.Domain.Interfaces", "passman-back.Domain.Interfaces\passman-back.Domain.Interfaces.csproj", "{32024EEC-F068-4A40-AB8F-D8647196E4C1}"
EndProject
Project("{9A19103F-16F7-4668-BE54-9A1E7A4F7556}") = "passman-back.Infrastructure.Data", "passman-back.Infrastructure.Data\passman-back.Infrastructure.Data.csproj", "{F8D4D0D9-9CEA-43C0-AAC0-8BDE156BB672}"
EndProject
Project("{FAE04EC0-301F-11D3-BF4B-00C04F79EFBC}") = "passman-back.Business.Interfaces", "passman-back.Business.Interfaces\passman-back.Business.Interfaces.csproj", "{EA97A8BB-A581-4C64-899A-AAF44C9CD63A}"
EndProject
Project("{FAE04EC0-301F-11D3-BF4B-00C04F79EFBC}") = "passman-back.Infrastructure.Business", "passman-back.Infrastructure.Business\passman-back.Infrastructure.Business.csproj", "{6C742402-E115-42E1-8D89-1AA301EAB486}"
EndProject
Global
	GlobalSection(SolutionConfigurationPlatforms) = preSolution
		Debug|Any CPU = Debug|Any CPU
		Release|Any CPU = Release|Any CPU
	EndGlobalSection
	GlobalSection(ProjectConfigurationPlatforms) = postSolution
		{47C26AA6-EC59-4619-A580-FA042E10A754}.Debug|Any CPU.ActiveCfg = Debug|Any CPU
		{47C26AA6-EC59-4619-A580-FA042E10A754}.Debug|Any CPU.Build.0 = Debug|Any CPU
		{47C26AA6-EC59-4619-A580-FA042E10A754}.Release|Any CPU.ActiveCfg = Release|Any CPU
		{47C26AA6-EC59-4619-A580-FA042E10A754}.Release|Any CPU.Build.0 = Release|Any CPU
		{858124D4-DF23-485C-AC15-892DA77F9D3C}.Debug|Any CPU.ActiveCfg = Debug|Any CPU
		{858124D4-DF23-485C-AC15-892DA77F9D3C}.Debug|Any CPU.Build.0 = Debug|Any CPU
		{858124D4-DF23-485C-AC15-892DA77F9D3C}.Release|Any CPU.ActiveCfg = Release|Any CPU
		{858124D4-DF23-485C-AC15-892DA77F9D3C}.Release|Any CPU.Build.0 = Release|Any CPU
		{2264948F-5A43-4147-A471-003833EDA6D0}.Debug|Any CPU.ActiveCfg = Debug|Any CPU
		{2264948F-5A43-4147-A471-003833EDA6D0}.Debug|Any CPU.Build.0 = Debug|Any CPU
		{2264948F-5A43-4147-A471-003833EDA6D0}.Release|Any CPU.ActiveCfg = Release|Any CPU
		{2264948F-5A43-4147-A471-003833EDA6D0}.Release|Any CPU.Build.0 = Release|Any CPU
		{32024EEC-F068-4A40-AB8F-D8647196E4C1}.Debug|Any CPU.ActiveCfg = Debug|Any CPU
		{32024EEC-F068-4A40-AB8F-D8647196E4C1}.Debug|Any CPU.Build.0 = Debug|Any CPU
		{32024EEC-F068-4A40-AB8F-D8647196E4C1}.Release|Any CPU.ActiveCfg = Release|Any CPU
		{32024EEC-F068-4A40-AB8F-D8647196E4C1}.Release|Any CPU.Build.0 = Release|Any CPU
		{F8D4D0D9-9CEA-43C0-AAC0-8BDE156BB672}.Debug|Any CPU.ActiveCfg = Debug|Any CPU
		{F8D4D0D9-9CEA-43C0-AAC0-8BDE156BB672}.Debug|Any CPU.Build.0 = Debug|Any CPU
		{F8D4D0D9-9CEA-43C0-AAC0-8BDE156BB672}.Release|Any CPU.ActiveCfg = Release|Any CPU
		{F8D4D0D9-9CEA-43C0-AAC0-8BDE156BB672}.Release|Any CPU.Build.0 = Release|Any CPU
		{EA97A8BB-A581-4C64-899A-AAF44C9CD63A}.Debug|Any CPU.ActiveCfg = Debug|Any CPU
		{EA97A8BB-A581-4C64-899A-AAF44C9CD63A}.Debug|Any CPU.Build.0 = Debug|Any CPU
		{EA97A8BB-A581-4C64-899A-AAF44C9CD63A}.Release|Any CPU.ActiveCfg = Release|Any CPU
		{EA97A8BB-A581-4C64-899A-AAF44C9CD63A}.Release|Any CPU.Build.0 = Release|Any CPU
		{6C742402-E115-42E1-8D89-1AA301EAB486}.Debug|Any CPU.ActiveCfg = Debug|Any CPU
		{6C742402-E115-42E1-8D89-1AA301EAB486}.Debug|Any CPU.Build.0 = Debug|Any CPU
		{6C742402-E115-42E1-8D89-1AA301EAB486}.Release|Any CPU.ActiveCfg = Release|Any CPU
		{6C742402-E115-42E1-8D89-1AA301EAB486}.Release|Any CPU.Build.0 = Release|Any CPU
	EndGlobalSection
	GlobalSection(SolutionProperties) = preSolution
		HideSolutionNode = FALSE
	EndGlobalSection
	GlobalSection(ExtensibilityGlobals) = postSolution
		SolutionGuid = {D3406DDD-2360-4402-BED6-40FA45FFCEDA}
	EndGlobalSection
EndGlobal
